
Microsoft Visual Studio Solution File, Format Version 12.00
# Visual Studio Version 17
VisualStudioVersion = 17.11.35312.102
MinimumVisualStudioVersion = 10.0.40219.1
Project("{FAE04EC0-301F-11D3-BF4B-00C04F79EFBC}") = "ArrayTask2", "ArrayTask2\ArrayTask2.csproj", "{CC7992BC-A641-4D69-9AEB-D7664FA194D4}"
EndProject
Global
	GlobalSection(SolutionConfigurationPlatforms) = preSolution
		Debug|Any CPU = Debug|Any CPU
		Release|Any CPU = Release|Any CPU
	EndGlobalSection
	GlobalSection(ProjectConfigurationPlatforms) = postSolution
		{CC7992BC-A641-4D69-9AEB-D7664FA194D4}.Debug|Any CPU.ActiveCfg = Debug|Any CPU
		{CC7992BC-A641-4D69-9AEB-D7664FA194D4}.Debug|Any CPU.Build.0 = Debug|Any CPU
		{CC7992BC-A641-4D69-9AEB-D7664FA194D4}.Release|Any CPU.ActiveCfg = Release|Any CPU
		{CC7992BC-A641-4D69-9AEB-D7664FA194D4}.Release|Any CPU.Build.0 = Release|Any CPU
	EndGlobalSection
	GlobalSection(SolutionProperties) = preSolution
		HideSolutionNode = FALSE
	EndGlobalSection
	GlobalSection(ExtensibilityGlobals) = postSolution
		SolutionGuid = {7DE6D849-A396-4111-983E-9DBF6F91C84E}
	EndGlobalSection
EndGlobal
